{
  "name": "learning-docs",
  "lockfileVersion": 3,
  "requires": true,
  "packages": {
    "": {
      "name": "learning-docs",
      "devDependencies": {
        "@mixmark-io/domino": "^2.2.0",
        "marked": "^17.0.0"
      }
    },
    "node_modules/@mixmark-io/domino": {
      "version": "2.2.0",
      "resolved": "https://registry.npmjs.org/@mixmark-io/domino/-/domino-2.2.0.tgz",
      "integrity": "sha512-Y28PR25bHXUg88kCV7nivXrP2Nj2RueZ3/l/jdx6J9f8J4nsEGcgX0Qe6lt7Pa+J79+kPiJU3LguR6O/6zrLOw==",
      "dev": true,
      "license": "BSD-2-Clause"
    },
    "node_modules/marked": {
      "version": "17.0.6",
      "resolved": "https://registry.npmjs.org/marked/-/marked-17.0.6.tgz",
      "integrity": "sha512-gB0gkNafnonOw0obSTEGZTT86IuhILt2Wfx0mWH/1Au83kybTayroZ/V6nS25mN7u8ASy+5fMhgB3XPNrOZdmA==",
      "dev": true,
      "license": "MIT",
      "bin": {
        "marked": "bin/marked.js"
      },
      "engines": {
        "node": ">= 20"
      }
    }
  }
}
